
Microsoft Visual Studio Solution File, Format Version 12.00
# Visual Studio Version 16
VisualStudioVersion = 16.0.31005.135
MinimumVisualStudioVersion = 10.0.40219.1
Project("{9A19103F-16F7-4668-BE54-9A1E7A4F7556}") = "integration-core", "integration-core\integration-core.csproj", "{DE84FCAE-2296-4295-975D-56BA11450558}"
EndProject
Project("{9A19103F-16F7-4668-BE54-9A1E7A4F7556}") = "integration-adapter-client", "integration-adapter\integration-adapter-client.csproj", "{589825DD-0274-4D8B-9159-C3572437F68E}"
EndProject
Project("{9A19103F-16F7-4668-BE54-9A1E7A4F7556}") = "integration_infra", "integration_infra\integration_infra.csproj", "{5E0460EE-599D-4DF4-A327-DEB5DFF11DDF}"
EndProject
Project("{9A19103F-16F7-4668-BE54-9A1E7A4F7556}") = "tests_integration_adapter", "tests_integration_adapter\tests_integration_adapter.csproj", "{3D87DC1C-0C77-4149-99C1-2864D860DEFC}"
EndProject
Project("{9A19103F-16F7-4668-BE54-9A1E7A4F7556}") = "integration-core.tests", "integration-core.tests\integration-core.tests.csproj", "{4B8E109E-D152-41AC-A8D4-DB03FDDE217D}"
EndProject
Project("{FAE04EC0-301F-11D3-BF4B-00C04F79EFBC}") = "integration_background", "integration_background\integration_background.csproj", "{96D8F785-E1E7-4AE3-8B19-6D99AF88BF69}"
EndProject
Global
	GlobalSection(SolutionConfigurationPlatforms) = preSolution
		Debug|Any CPU = Debug|Any CPU
		Release|Any CPU = Release|Any CPU
	EndGlobalSection
	GlobalSection(ProjectConfigurationPlatforms) = postSolution
		{DE84FCAE-2296-4295-975D-56BA11450558}.Debug|Any CPU.ActiveCfg = Debug|Any CPU
		{DE84FCAE-2296-4295-975D-56BA11450558}.Debug|Any CPU.Build.0 = Debug|Any CPU
		{DE84FCAE-2296-4295-975D-56BA11450558}.Release|Any CPU.ActiveCfg = Release|Any CPU
		{DE84FCAE-2296-4295-975D-56BA11450558}.Release|Any CPU.Build.0 = Release|Any CPU
		{589825DD-0274-4D8B-9159-C3572437F68E}.Debug|Any CPU.ActiveCfg = Debug|Any CPU
		{589825DD-0274-4D8B-9159-C3572437F68E}.Debug|Any CPU.Build.0 = Debug|Any CPU
		{589825DD-0274-4D8B-9159-C3572437F68E}.Release|Any CPU.ActiveCfg = Release|Any CPU
		{589825DD-0274-4D8B-9159-C3572437F68E}.Release|Any CPU.Build.0 = Release|Any CPU
		{5E0460EE-599D-4DF4-A327-DEB5DFF11DDF}.Debug|Any CPU.ActiveCfg = Debug|Any CPU
		{5E0460EE-599D-4DF4-A327-DEB5DFF11DDF}.Debug|Any CPU.Build.0 = Debug|Any CPU
		{5E0460EE-599D-4DF4-A327-DEB5DFF11DDF}.Release|Any CPU.ActiveCfg = Release|Any CPU
		{5E0460EE-599D-4DF4-A327-DEB5DFF11DDF}.Release|Any CPU.Build.0 = Release|Any CPU
		{3D87DC1C-0C77-4149-99C1-2864D860DEFC}.Debug|Any CPU.ActiveCfg = Debug|Any CPU
		{3D87DC1C-0C77-4149-99C1-2864D860DEFC}.Debug|Any CPU.Build.0 = Debug|Any CPU
		{3D87DC1C-0C77-4149-99C1-2864D860DEFC}.Release|Any CPU.ActiveCfg = Release|Any CPU
		{3D87DC1C-0C77-4149-99C1-2864D860DEFC}.Release|Any CPU.Build.0 = Release|Any CPU
		{4B8E109E-D152-41AC-A8D4-DB03FDDE217D}.Debug|Any CPU.ActiveCfg = Debug|Any CPU
		{4B8E109E-D152-41AC-A8D4-DB03FDDE217D}.Debug|Any CPU.Build.0 = Debug|Any CPU
		{4B8E109E-D152-41AC-A8D4-DB03FDDE217D}.Release|Any CPU.ActiveCfg = Release|Any CPU
		{4B8E109E-D152-41AC-A8D4-DB03FDDE217D}.Release|Any CPU.Build.0 = Release|Any CPU
		{96D8F785-E1E7-4AE3-8B19-6D99AF88BF69}.Debug|Any CPU.ActiveCfg = Debug|Any CPU
		{96D8F785-E1E7-4AE3-8B19-6D99AF88BF69}.Debug|Any CPU.Build.0 = Debug|Any CPU
		{96D8F785-E1E7-4AE3-8B19-6D99AF88BF69}.Release|Any CPU.ActiveCfg = Release|Any CPU
		{96D8F785-E1E7-4AE3-8B19-6D99AF88BF69}.Release|Any CPU.Build.0 = Release|Any CPU
	EndGlobalSection
	GlobalSection(SolutionProperties) = preSolution
		HideSolutionNode = FALSE
	EndGlobalSection
	GlobalSection(ExtensibilityGlobals) = postSolution
		SolutionGuid = {2A4408E7-4FC3-4EBB-8661-2F5EB281A2CD}
	EndGlobalSection
EndGlobal
